
Microsoft Visual Studio Solution File, Format Version 12.00
# Visual Studio Version 17
VisualStudioVersion = 17.9.34728.123
MinimumVisualStudioVersion = 10.0.40219.1
Project("{FAE04EC0-301F-11D3-BF4B-00C04F79EFBC}") = "ManipulaArquivos", "ManipulaArquivos\ManipulaArquivos.csproj", "{4A7D2AF1-F066-42C7-97B8-B08A38304ABD}"
EndProject
Global
	GlobalSection(SolutionConfigurationPlatforms) = preSolution
		Debug|Any CPU = Debug|Any CPU
		Release|Any CPU = Release|Any CPU
	EndGlobalSection
	GlobalSection(ProjectConfigurationPlatforms) = postSolution
		{4A7D2AF1-F066-42C7-97B8-B08A38304ABD}.Debug|Any CPU.ActiveCfg = Debug|Any CPU
		{4A7D2AF1-F066-42C7-97B8-B08A38304ABD}.Debug|Any CPU.Build.0 = Debug|Any CPU
		{4A7D2AF1-F066-42C7-97B8-B08A38304ABD}.Release|Any CPU.ActiveCfg = Release|Any CPU
		{4A7D2AF1-F066-42C7-97B8-B08A38304ABD}.Release|Any CPU.Build.0 = Release|Any CPU
	EndGlobalSection
	GlobalSection(SolutionProperties) = preSolution
		HideSolutionNode = FALSE
	EndGlobalSection
	GlobalSection(ExtensibilityGlobals) = postSolution
		SolutionGuid = {2371675C-12B7-4C9C-89E2-C2E0428F964F}
	EndGlobalSection
EndGlobal
